
Microsoft Visual Studio Solution File, Format Version 10.00
# Visual Studio 2008
Project("{FAE04EC0-301F-11D3-BF4B-00C04F79EFBC}") = "DetourHome", "DetourHome\DetourHome.csproj", "{9E357377-831F-46F7-8A37-1FC955A02F72}"
EndProject
Project("{FAE04EC0-301F-11D3-BF4B-00C04F79EFBC}") = "ChangeTrains", "ChangeTrains\ChangeTrains.csproj", "{AD878071-3196-4A46-A188-B860AA07A5DA}"
EndProject
Global
	GlobalSection(SubversionScc) = preSolution
		Svn-Managed = True
		Manager = AnkhSVN - Subversion Support for Visual Studio
	EndGlobalSection
	GlobalSection(SolutionConfigurationPlatforms) = preSolution
		Debug|Any CPU = Debug|Any CPU
		Release|Any CPU = Release|Any CPU
	EndGlobalSection
	GlobalSection(ProjectConfigurationPlatforms) = postSolution
		{9E357377-831F-46F7-8A37-1FC955A02F72}.Debug|Any CPU.ActiveCfg = Debug|Any CPU
		{9E357377-831F-46F7-8A37-1FC955A02F72}.Debug|Any CPU.Build.0 = Debug|Any CPU
		{9E357377-831F-46F7-8A37-1FC955A02F72}.Release|Any CPU.ActiveCfg = Release|Any CPU
		{9E357377-831F-46F7-8A37-1FC955A02F72}.Release|Any CPU.Build.0 = Release|Any CPU
		{AD878071-3196-4A46-A188-B860AA07A5DA}.Debug|Any CPU.ActiveCfg = Debug|Any CPU
		{AD878071-3196-4A46-A188-B860AA07A5DA}.Debug|Any CPU.Build.0 = Debug|Any CPU
		{AD878071-3196-4A46-A188-B860AA07A5DA}.Release|Any CPU.ActiveCfg = Release|Any CPU
		{AD878071-3196-4A46-A188-B860AA07A5DA}.Release|Any CPU.Build.0 = Release|Any CPU
	EndGlobalSection
	GlobalSection(SolutionProperties) = preSolution
		HideSolutionNode = FALSE
	EndGlobalSection
EndGlobal
